
Microsoft Visual Studio Solution File, Format Version 12.00
# Visual Studio Version 16
VisualStudioVersion = 16.0.32228.343
MinimumVisualStudioVersion = 10.0.40219.1
Project("{FAE04EC0-301F-11D3-BF4B-00C04F79EFBC}") = "eLibraryManagementSystem", "eLibraryManagementSystem\eLibraryManagementSystem.csproj", "{5A24B222-37CF-49A4-B276-7E055EF90FB9}"
EndProject
Global
	GlobalSection(SolutionConfigurationPlatforms) = preSolution
		Debug|Any CPU = Debug|Any CPU
		Release|Any CPU = Release|Any CPU
	EndGlobalSection
	GlobalSection(ProjectConfigurationPlatforms) = postSolution
		{5A24B222-37CF-49A4-B276-7E055EF90FB9}.Debug|Any CPU.ActiveCfg = Debug|Any CPU
		{5A24B222-37CF-49A4-B276-7E055EF90FB9}.Debug|Any CPU.Build.0 = Debug|Any CPU
		{5A24B222-37CF-49A4-B276-7E055EF90FB9}.Release|Any CPU.ActiveCfg = Release|Any CPU
		{5A24B222-37CF-49A4-B276-7E055EF90FB9}.Release|Any CPU.Build.0 = Release|Any CPU
	EndGlobalSection
	GlobalSection(SolutionProperties) = preSolution
		HideSolutionNode = FALSE
	EndGlobalSection
	GlobalSection(ExtensibilityGlobals) = postSolution
		SolutionGuid = {70BBC09F-6E95-4831-8CD6-6FD8C8E8A76E}
	EndGlobalSection
EndGlobal
